
Microsoft Visual Studio Solution File, Format Version 12.00
# Visual Studio Version 17
VisualStudioVersion = 17.12.35506.116 d17.12
MinimumVisualStudioVersion = 10.0.40219.1
Project("{2150E333-8FDC-42A3-9474-1A3956D46DE8}") = "Services", "Services", "{8DD895CD-20FA-48C0-B68F-BFFEF03A6704}"
EndProject
Project("{FAE04EC0-301F-11D3-BF4B-00C04F79EFBC}") = "MicroserviceAralık.Catalog", "Services\MicroserviceAralık.Catalog\MicroserviceAralık.Catalog.csproj", "{E72DE053-34FC-4D50-958F-A62EE0B858A7}"
EndProject
Project("{2150E333-8FDC-42A3-9474-1A3956D46DE8}") = "Requirements", "Requirements", "{2BC845BC-913B-4AB6-832A-558B14DABEAD}"
	ProjectSection(SolutionItems) = preProject
		..\..\Users\Admin\Desktop\MikroServis\MikroServis\requirements\portainer.txt = ..\..\Users\Admin\Desktop\MikroServis\MikroServis\requirements\portainer.txt
		..\..\Users\Admin\Desktop\MikroServis\MikroServis\requirements\Serilog conf.txt = ..\..\Users\Admin\Desktop\MikroServis\MikroServis\requirements\Serilog conf.txt
		..\..\Users\Admin\Desktop\MikroServis\MikroServis\requirements\Swagger token.txt = ..\..\Users\Admin\Desktop\MikroServis\MikroServis\requirements\Swagger token.txt
	EndProjectSection
EndProject
Project("{FAE04EC0-301F-11D3-BF4B-00C04F79EFBC}") = "MicroserviceAralık.Discount", "Services\MicroserviceAralık.Discount\MicroserviceAralık.Discount.csproj", "{69ED50D6-7AE7-4FFE-920F-77002811F737}"
EndProject
Global
	GlobalSection(SolutionConfigurationPlatforms) = preSolution
		Debug|Any CPU = Debug|Any CPU
		Release|Any CPU = Release|Any CPU
	EndGlobalSection
	GlobalSection(ProjectConfigurationPlatforms) = postSolution
		{E72DE053-34FC-4D50-958F-A62EE0B858A7}.Debug|Any CPU.ActiveCfg = Debug|Any CPU
		{E72DE053-34FC-4D50-958F-A62EE0B858A7}.Debug|Any CPU.Build.0 = Debug|Any CPU
		{E72DE053-34FC-4D50-958F-A62EE0B858A7}.Release|Any CPU.ActiveCfg = Release|Any CPU
		{E72DE053-34FC-4D50-958F-A62EE0B858A7}.Release|Any CPU.Build.0 = Release|Any CPU
		{69ED50D6-7AE7-4FFE-920F-77002811F737}.Debug|Any CPU.ActiveCfg = Debug|Any CPU
		{69ED50D6-7AE7-4FFE-920F-77002811F737}.Debug|Any CPU.Build.0 = Debug|Any CPU
		{69ED50D6-7AE7-4FFE-920F-77002811F737}.Release|Any CPU.ActiveCfg = Release|Any CPU
		{69ED50D6-7AE7-4FFE-920F-77002811F737}.Release|Any CPU.Build.0 = Release|Any CPU
	EndGlobalSection
	GlobalSection(SolutionProperties) = preSolution
		HideSolutionNode = FALSE
	EndGlobalSection
	GlobalSection(NestedProjects) = preSolution
		{E72DE053-34FC-4D50-958F-A62EE0B858A7} = {8DD895CD-20FA-48C0-B68F-BFFEF03A6704}
		{69ED50D6-7AE7-4FFE-920F-77002811F737} = {8DD895CD-20FA-48C0-B68F-BFFEF03A6704}
	EndGlobalSection
EndGlobal
